filippo.io/edwards25519 v1.1.0 h1:FNf4tywRC1HmFuKW5xopWpigGjJKiJSV0Cqo0cJWDaA=
filippo.io/edwards25519 v1.1.0/go.mod h1:BxyFTGdWcka3PhytdK4V28tE5sGfRvvvRV7EaN4VDT4=
github.com/complyage/base v0.0.0-20251024032357-10f4f0360806 h1:MfPa+BjWZpVAnXEZ/UMxdIwKAOUgPti28E+ReDJHsyA=
github.com/complyage/base v0.0.0-20251024032357-10f4f0360806/go.mod h1:+XHugC7CyW4/7saV5lMhFyVZxgwvnJ6dH+914KPENQ0=
github.com/go-sql-driver/mysql v1.9.3 h1:U/N249h2WzJ3Ukj8SowVFjdtZKfu9vlLZxjPXV1aweo=
github.com/go-sql-driver/mysql v1.9.3/go.mod h1:qn46aNg1333BRMNU69Lq93t8du/dwxI64Gl8i5p1WMU=
